
Microsoft Visual Studio Solution File, Format Version 12.00
# Visual Studio 15
VisualStudioVersion = 15.0.28010.2036
MinimumVisualStudioVersion = 10.0.40219.1
Project("{FAE04EC0-301F-11D3-BF4B-00C04F79EFBC}") = "ProjektPK4", "ProjektPK4\ProjektPK4.csproj", "{41AB4AC0-46A0-47F0-9932-711B72FF1E6A}"
EndProject
Global
	GlobalSection(SolutionConfigurationPlatforms) = preSolution
		Debug|x86 = Debug|x86
		Release|x86 = Release|x86
	EndGlobalSection
	GlobalSection(ProjectConfigurationPlatforms) = postSolution
		{41AB4AC0-46A0-47F0-9932-711B72FF1E6A}.Debug|x86.ActiveCfg = Debug|x86
		{41AB4AC0-46A0-47F0-9932-711B72FF1E6A}.Debug|x86.Build.0 = Debug|x86
		{41AB4AC0-46A0-47F0-9932-711B72FF1E6A}.Release|x86.ActiveCfg = Release|x86
		{41AB4AC0-46A0-47F0-9932-711B72FF1E6A}.Release|x86.Build.0 = Release|x86
	EndGlobalSection
	GlobalSection(SolutionProperties) = preSolution
		HideSolutionNode = FALSE
	EndGlobalSection
	GlobalSection(ExtensibilityGlobals) = postSolution
		SolutionGuid = {9AC3AD20-FC1C-4E2E-9EC8-DA0C2F8CA85E}
	EndGlobalSection
EndGlobal
